
Microsoft Visual Studio Solution File, Format Version 12.00
# Visual Studio Version 17
VisualStudioVersion = 17.0.32112.339
MinimumVisualStudioVersion = 10.0.40219.1
Project("{FAE04EC0-301F-11D3-BF4B-00C04F79EFBC}") = "SupportBank", "SupportBank\SupportBank.csproj", "{699DB92D-FA7A-4480-945E-450128662A01}"
EndProject
Global
	GlobalSection(SolutionConfigurationPlatforms) = preSolution
		Debug|Any CPU = Debug|Any CPU
		Release|Any CPU = Release|Any CPU
	EndGlobalSection
	GlobalSection(ProjectConfigurationPlatforms) = postSolution
		{699DB92D-FA7A-4480-945E-450128662A01}.Debug|Any CPU.ActiveCfg = Debug|Any CPU
		{699DB92D-FA7A-4480-945E-450128662A01}.Debug|Any CPU.Build.0 = Debug|Any CPU
		{699DB92D-FA7A-4480-945E-450128662A01}.Release|Any CPU.ActiveCfg = Release|Any CPU
		{699DB92D-FA7A-4480-945E-450128662A01}.Release|Any CPU.Build.0 = Release|Any CPU
	EndGlobalSection
	GlobalSection(SolutionProperties) = preSolution
		HideSolutionNode = FALSE
	EndGlobalSection
	GlobalSection(ExtensibilityGlobals) = postSolution
		SolutionGuid = {539AD238-3A1F-480B-BA19-C9CB001FA05A}
	EndGlobalSection
EndGlobal
